
Microsoft Visual Studio Solution File, Format Version 12.00
# Visual Studio Version 17
VisualStudioVersion = 17.8.34525.116
MinimumVisualStudioVersion = 10.0.40219.1
Project("{FAE04EC0-301F-11D3-BF4B-00C04F79EFBC}") = "CherkasovLibrary", "..\CherkasovLibrary\CherkasovLibrary.csproj", "{647F63DF-93AF-4F22-B429-46D86E1FA50A}"
EndProject
Project("{FAE04EC0-301F-11D3-BF4B-00C04F79EFBC}") = "CherkasovApp", "..\CherkasovApp\CherkasovApp.csproj", "{6144CD21-45F5-4FC9-A601-B8D69C779353}"
EndProject
Project("{FAE04EC0-301F-11D3-BF4B-00C04F79EFBC}") = "CherkasovTests", "..\CherkasovTests\CherkasovTests.csproj", "{F1DDC31B-6165-4E0A-81D7-1FE60CF3C6BE}"
EndProject
Global
	GlobalSection(SolutionConfigurationPlatforms) = preSolution
		Debug|Any CPU = Debug|Any CPU
		Release|Any CPU = Release|Any CPU
	EndGlobalSection
	GlobalSection(ProjectConfigurationPlatforms) = postSolution
		{647F63DF-93AF-4F22-B429-46D86E1FA50A}.Debug|Any CPU.ActiveCfg = Debug|Any CPU
		{647F63DF-93AF-4F22-B429-46D86E1FA50A}.Debug|Any CPU.Build.0 = Debug|Any CPU
		{647F63DF-93AF-4F22-B429-46D86E1FA50A}.Release|Any CPU.ActiveCfg = Release|Any CPU
		{647F63DF-93AF-4F22-B429-46D86E1FA50A}.Release|Any CPU.Build.0 = Release|Any CPU
		{6144CD21-45F5-4FC9-A601-B8D69C779353}.Debug|Any CPU.ActiveCfg = Debug|Any CPU
		{6144CD21-45F5-4FC9-A601-B8D69C779353}.Debug|Any CPU.Build.0 = Debug|Any CPU
		{6144CD21-45F5-4FC9-A601-B8D69C779353}.Release|Any CPU.ActiveCfg = Release|Any CPU
		{6144CD21-45F5-4FC9-A601-B8D69C779353}.Release|Any CPU.Build.0 = Release|Any CPU
		{F1DDC31B-6165-4E0A-81D7-1FE60CF3C6BE}.Debug|Any CPU.ActiveCfg = Debug|Any CPU
		{F1DDC31B-6165-4E0A-81D7-1FE60CF3C6BE}.Debug|Any CPU.Build.0 = Debug|Any CPU
		{F1DDC31B-6165-4E0A-81D7-1FE60CF3C6BE}.Release|Any CPU.ActiveCfg = Release|Any CPU
		{F1DDC31B-6165-4E0A-81D7-1FE60CF3C6BE}.Release|Any CPU.Build.0 = Release|Any CPU
	EndGlobalSection
	GlobalSection(SolutionProperties) = preSolution
		HideSolutionNode = FALSE
	EndGlobalSection
	GlobalSection(ExtensibilityGlobals) = postSolution
		SolutionGuid = {21110F2D-62E7-472F-95F2-522BFCDA9612}
	EndGlobalSection
EndGlobal
